// !$*UTF8*$!
{
	archiveVersion = 1;
	classes = {
	};
	objectVersion = 50;
	objects = {

/* Begin PBXBuildFile section */
		662275DC2389E20E00D0E345 /* mapView.swift in Sources */ = {isa = PBXBuildFile; fileRef = 662275DB2389E20D00D0E345 /* mapView.swift */; };
		662275DE2389E94300D0E345 /* LandmarkRow.swift in Sources */ = {isa = PBXBuildFile; fileRef = 662275DD2389E94300D0E345 /* LandmarkRow.swift */; };
		662275E02389EDED00D0E345 /* SwiftUIView.swift in Sources */ = {isa = PBXBuildFile; fileRef = 662275DF2389EDED00D0E345 /* SwiftUIView.swift */; };
		662275E22389FB9C00D0E345 /* Data.swift in Sources */ = {isa = PBXBuildFile; fileRef = 662275E12389FB9C00D0E345 /* Data.swift */; };
		662275F12389FCA900D0E345 /* turtlerock.jpg in Resources */ = {isa = PBXBuildFile; fileRef = 662275E42389FCA900D0E345 /* turtlerock.jpg */; };
		662275F22389FCA900D0E345 /* silversalmoncreek.jpg in Resources */ = {isa = PBXBuildFile; fileRef = 662275E52389FCA900D0E345 /* silversalmoncreek.jpg */; };
		662275F32389FCA900D0E345 /* icybay.jpg in Resources */ = {isa = PBXBuildFile; fileRef = 662275E62389FCA900D0E345 /* icybay.jpg */; };
		662275F42389FCA900D0E345 /* lakemcdonald.jpg in Resources */ = {isa = PBXBuildFile; fileRef = 662275E72389FCA900D0E345 /* lakemcdonald.jpg */; };
		662275F52389FCA900D0E345 /* hiddenlake.jpg in Resources */ = {isa = PBXBuildFile; fileRef = 662275E82389FCA900D0E345 /* hiddenlake.jpg */; };
		662275F62389FCA900D0E345 /* twinlake.jpg in Resources */ = {isa = PBXBuildFile; fileRef = 662275E92389FCA900D0E345 /* twinlake.jpg */; };
		662275F72389FCA900D0E345 /* umbagog.jpg in Resources */ = {isa = PBXBuildFile; fileRef = 662275EA2389FCA900D0E345 /* umbagog.jpg */; };
		662275F82389FCA900D0E345 /* landmarkData.json in Resources */ = {isa = PBXBuildFile; fileRef = 662275EB2389FCA900D0E345 /* landmarkData.json */; };
		662275F92389FCAA00D0E345 /* chincoteague.jpg in Resources */ = {isa = PBXBuildFile; fileRef = 662275EC2389FCA900D0E345 /* chincoteague.jpg */; };
		662275FA2389FCAA00D0E345 /* yukon_charleyrivers.jpg in Resources */ = {isa = PBXBuildFile; fileRef = 662275ED2389FCA900D0E345 /* yukon_charleyrivers.jpg */; };
		662275FB2389FCAA00D0E345 /* stmarylake.jpg in Resources */ = {isa = PBXBuildFile; fileRef = 662275EE2389FCA900D0E345 /* stmarylake.jpg */; };
		662275FC2389FCAA00D0E345 /* chilkoottrail.jpg in Resources */ = {isa = PBXBuildFile; fileRef = 662275EF2389FCA900D0E345 /* chilkoottrail.jpg */; };
		662275FD2389FCAA00D0E345 /* rainbowlake.jpg in Resources */ = {isa = PBXBuildFile; fileRef = 662275F02389FCA900D0E345 /* rainbowlake.jpg */; };
		66AE88B52382EE66005DAED2 /* DeepInteractorDependencies.swift in Sources */ = {isa = PBXBuildFile; fileRef = 66AE88A92382EE66005DAED2 /* DeepInteractorDependencies.swift */; };
		66AE88B62382EE66005DAED2 /* DeepAction.swift in Sources */ = {isa = PBXBuildFile; fileRef = 66AE88AA2382EE66005DAED2 /* DeepAction.swift */; };
		66AE88B72382EE66005DAED2 /* DeepPresenter.swift in Sources */ = {isa = PBXBuildFile; fileRef = 66AE88AB2382EE66005DAED2 /* DeepPresenter.swift */; };
		66AE88B82382EE66005DAED2 /* DeepPresenterDependencies.swift in Sources */ = {isa = PBXBuildFile; fileRef = 66AE88AC2382EE66005DAED2 /* DeepPresenterDependencies.swift */; };
		66AE88B92382EE66005DAED2 /* DeepInteractor.swift in Sources */ = {isa = PBXBuildFile; fileRef = 66AE88AD2382EE66005DAED2 /* DeepInteractor.swift */; };
		66AE88BA2382EE66005DAED2 /* DeepEvent.swift in Sources */ = {isa = PBXBuildFile; fileRef = 66AE88AE2382EE66005DAED2 /* DeepEvent.swift */; };
		66AE88BB2382EE66005DAED2 /* DeepView.swift in Sources */ = {isa = PBXBuildFile; fileRef = 66AE88AF2382EE66005DAED2 /* DeepView.swift */; };
		66AE88BC2382EE66005DAED2 /* DeepProtocol.swift in Sources */ = {isa = PBXBuildFile; fileRef = 66AE88B02382EE66005DAED2 /* DeepProtocol.swift */; };
		66AE88BD2382EE66005DAED2 /* DeepViewModel.swift in Sources */ = {isa = PBXBuildFile; fileRef = 66AE88B12382EE66005DAED2 /* DeepViewModel.swift */; };
		66AE88BE2382EE66005DAED2 /* DeepDelegateEvent.swift in Sources */ = {isa = PBXBuildFile; fileRef = 66AE88B22382EE66005DAED2 /* DeepDelegateEvent.swift */; };
		66AE88BF2382EE66005DAED2 /* DeepDelegate.swift in Sources */ = {isa = PBXBuildFile; fileRef = 66AE88B32382EE66005DAED2 /* DeepDelegate.swift */; };
		66AE88C02382EE66005DAED2 /* DeepWireframe.swift in Sources */ = {isa = PBXBuildFile; fileRef = 66AE88B42382EE66005DAED2 /* DeepWireframe.swift */; };
		66CFCA6E23821DA80020E23C /* AppDelegate.swift in Sources */ = {isa = PBXBuildFile; fileRef = 66CFCA6D23821DA80020E23C /* AppDelegate.swift */; };
		66CFCA7023821DA80020E23C /* SceneDelegate.swift in Sources */ = {isa = PBXBuildFile; fileRef = 66CFCA6F23821DA80020E23C /* SceneDelegate.swift */; };
		66CFCA7223821DA80020E23C /* ContentView.swift in Sources */ = {isa = PBXBuildFile; fileRef = 66CFCA7123821DA80020E23C /* ContentView.swift */; };
		66CFCA7423821DAC0020E23C /* Assets.xcassets in Resources */ = {isa = PBXBuildFile; fileRef = 66CFCA7323821DAC0020E23C /* Assets.xcassets */; };
		66CFCA7723821DAC0020E23C /* Preview Assets.xcassets in Resources */ = {isa = PBXBuildFile; fileRef = 66CFCA7623821DAC0020E23C /* Preview Assets.xcassets */; };
		66CFCA7A23821DAC0020E23C /* LaunchScreen.storyboard in Resources */ = {isa = PBXBuildFile; fileRef = 66CFCA7823821DAC0020E23C /* LaunchScreen.storyboard */; };
		66CFCA9B23821EF00020E23C /* AccountInteractorDependencies.swift in Sources */ = {isa = PBXBuildFile; fileRef = 66CFCA8F23821EF00020E23C /* AccountInteractorDependencies.swift */; };
		66CFCA9C23821EF00020E23C /* AccountAction.swift in Sources */ = {isa = PBXBuildFile; fileRef = 66CFCA9023821EF00020E23C /* AccountAction.swift */; };
		66CFCA9D23821EF00020E23C /* AccountPresenter.swift in Sources */ = {isa = PBXBuildFile; fileRef = 66CFCA9123821EF00020E23C /* AccountPresenter.swift */; };
		66CFCA9E23821EF00020E23C /* AccountPresenterDependencies.swift in Sources */ = {isa = PBXBuildFile; fileRef = 66CFCA9223821EF00020E23C /* AccountPresenterDependencies.swift */; };
		66CFCA9F23821EF00020E23C /* AccountInteractor.swift in Sources */ = {isa = PBXBuildFile; fileRef = 66CFCA9323821EF00020E23C /* AccountInteractor.swift */; };
		66CFCAA023821EF00020E23C /* AccountEvent.swift in Sources */ = {isa = PBXBuildFile; fileRef = 66CFCA9423821EF00020E23C /* AccountEvent.swift */; };
		66CFCAA123821EF00020E23C /* AccountView.swift in Sources */ = {isa = PBXBuildFile; fileRef = 66CFCA9523821EF00020E23C /* AccountView.swift */; };
		66CFCAA223821EF00020E23C /* AccountProtocol.swift in Sources */ = {isa = PBXBuildFile; fileRef = 66CFCA9623821EF00020E23C /* AccountProtocol.swift */; };
		66CFCAA323821EF00020E23C /* AccountViewModel.swift in Sources */ = {isa = PBXBuildFile; fileRef = 66CFCA9723821EF00020E23C /* AccountViewModel.swift */; };
		66CFCAA423821EF00020E23C /* AccountDelegateEvent.swift in Sources */ = {isa = PBXBuildFile; fileRef = 66CFCA9823821EF00020E23C /* AccountDelegateEvent.swift */; };
		66CFCAA523821EF00020E23C /* AccountDelegate.swift in Sources */ = {isa = PBXBuildFile; fileRef = 66CFCA9923821EF00020E23C /* AccountDelegate.swift */; };
		66CFCAA623821EF00020E23C /* AccountWireframe.swift in Sources */ = {isa = PBXBuildFile; fileRef = 66CFCA9A23821EF00020E23C /* AccountWireframe.swift */; };
/* End PBXBuildFile section */

/* Begin PBXFileReference section */
		662275DB2389E20D00D0E345 /* mapView.swift */ = {isa = PBXFileReference; lastKnownFileType = sourcecode.swift; path = mapView.swift; sourceTree = "<group>"; };
		662275DD2389E94300D0E345 /* LandmarkRow.swift */ = {isa = PBXFileReference; lastKnownFileType = sourcecode.swift; path = LandmarkRow.swift; sourceTree = "<group>"; };
		662275DF2389EDED00D0E345 /* SwiftUIView.swift */ = {isa = PBXFileReference; lastKnownFileType = sourcecode.swift; path = SwiftUIView.swift; sourceTree = "<group>"; };
		662275E12389FB9C00D0E345 /* Data.swift */ = {isa = PBXFileReference; fileEncoding = 4; lastKnownFileType = sourcecode.swift; path = Data.swift; sourceTree = "<group>"; };
		662275E42389FCA900D0E345 /* turtlerock.jpg */ = {isa = PBXFileReference; lastKnownFileType = image.jpeg; path = turtlerock.jpg; sourceTree = "<group>"; };
		662275E52389FCA900D0E345 /* silversalmoncreek.jpg */ = {isa = PBXFileReference; lastKnownFileType = image.jpeg; path = silversalmoncreek.jpg; sourceTree = "<group>"; };
		662275E62389FCA900D0E345 /* icybay.jpg */ = {isa = PBXFileReference; lastKnownFileType = image.jpeg; path = icybay.jpg; sourceTree = "<group>"; };
		662275E72389FCA900D0E345 /* lakemcdonald.jpg */ = {isa = PBXFileReference; lastKnownFileType = image.jpeg; path = lakemcdonald.jpg; sourceTree = "<group>"; };
		662275E82389FCA900D0E345 /* hiddenlake.jpg */ = {isa = PBXFileReference; lastKnownFileType = image.jpeg; path = hiddenlake.jpg; sourceTree = "<group>"; };
		662275E92389FCA900D0E345 /* twinlake.jpg */ = {isa = PBXFileReference; lastKnownFileType = image.jpeg; path = twinlake.jpg; sourceTree = "<group>"; };
		662275EA2389FCA900D0E345 /* umbagog.jpg */ = {isa = PBXFileReference; lastKnownFileType = image.jpeg; path = umbagog.jpg; sourceTree = "<group>"; };
		662275EB2389FCA900D0E345 /* landmarkData.json */ = {isa = PBXFileReference; fileEncoding = 4; lastKnownFileType = text.json; path = landmarkData.json; sourceTree = "<group>"; };
		662275EC2389FCA900D0E345 /* chincoteague.jpg */ = {isa = PBXFileReference; lastKnownFileType = image.jpeg; path = chincoteague.jpg; sourceTree = "<group>"; };
		662275ED2389FCA900D0E345 /* yukon_charleyrivers.jpg */ = {isa = PBXFileReference; lastKnownFileType = image.jpeg; path = yukon_charleyrivers.jpg; sourceTree = "<group>"; };
		662275EE2389FCA900D0E345 /* stmarylake.jpg */ = {isa = PBXFileReference; lastKnownFileType = image.jpeg; path = stmarylake.jpg; sourceTree = "<group>"; };
		662275EF2389FCA900D0E345 /* chilkoottrail.jpg */ = {isa = PBXFileReference; lastKnownFileType = image.jpeg; path = chilkoottrail.jpg; sourceTree = "<group>"; };
		662275F02389FCA900D0E345 /* rainbowlake.jpg */ = {isa = PBXFileReference; lastKnownFileType = image.jpeg; path = rainbowlake.jpg; sourceTree = "<group>"; };
		66AE88A92382EE66005DAED2 /* DeepInteractorDependencies.swift */ = {isa = PBXFileReference; lastKnownFileType = sourcecode.swift; path = DeepInteractorDependencies.swift; sourceTree = "<group>"; };
		66AE88AA2382EE66005DAED2 /* DeepAction.swift */ = {isa = PBXFileReference; lastKnownFileType = sourcecode.swift; path = DeepAction.swift; sourceTree = "<group>"; };
		66AE88AB2382EE66005DAED2 /* DeepPresenter.swift */ = {isa = PBXFileReference; lastKnownFileType = sourcecode.swift; path = DeepPresenter.swift; sourceTree = "<group>"; };
		66AE88AC2382EE66005DAED2 /* DeepPresenterDependencies.swift */ = {isa = PBXFileReference; lastKnownFileType = sourcecode.swift; path = DeepPresenterDependencies.swift; sourceTree = "<group>"; };
		66AE88AD2382EE66005DAED2 /* DeepInteractor.swift */ = {isa = PBXFileReference; lastKnownFileType = sourcecode.swift; path = DeepInteractor.swift; sourceTree = "<group>"; };
		66AE88AE2382EE66005DAED2 /* DeepEvent.swift */ = {isa = PBXFileReference; lastKnownFileType = sourcecode.swift; path = DeepEvent.swift; sourceTree = "<group>"; };
		66AE88AF2382EE66005DAED2 /* DeepView.swift */ = {isa = PBXFileReference; lastKnownFileType = sourcecode.swift; path = DeepView.swift; sourceTree = "<group>"; };
		66AE88B02382EE66005DAED2 /* DeepProtocol.swift */ = {isa = PBXFileReference; lastKnownFileType = sourcecode.swift; path = DeepProtocol.swift; sourceTree = "<group>"; };
		66AE88B12382EE66005DAED2 /* DeepViewModel.swift */ = {isa = PBXFileReference; lastKnownFileType = sourcecode.swift; path = DeepViewModel.swift; sourceTree = "<group>"; };
		66AE88B22382EE66005DAED2 /* DeepDelegateEvent.swift */ = {isa = PBXFileReference; lastKnownFileType = sourcecode.swift; path = DeepDelegateEvent.swift; sourceTree = "<group>"; };
		66AE88B32382EE66005DAED2 /* DeepDelegate.swift */ = {isa = PBXFileReference; lastKnownFileType = sourcecode.swift; path = DeepDelegate.swift; sourceTree = "<group>"; };
		66AE88B42382EE66005DAED2 /* DeepWireframe.swift */ = {isa = PBXFileReference; lastKnownFileType = sourcecode.swift; path = DeepWireframe.swift; sourceTree = "<group>"; };
		66CFCA6A23821DA80020E23C /* aaa.app */ = {isa = PBXFileReference; explicitFileType = wrapper.application; includeInIndex = 0; path = aaa.app; sourceTree = BUILT_PRODUCTS_DIR; };
		66CFCA6D23821DA80020E23C /* AppDelegate.swift */ = {isa = PBXFileReference; lastKnownFileType = sourcecode.swift; path = AppDelegate.swift; sourceTree = "<group>"; };
		66CFCA6F23821DA80020E23C /* SceneDelegate.swift */ = {isa = PBXFileReference; lastKnownFileType = sourcecode.swift; path = SceneDelegate.swift; sourceTree = "<group>"; };
		66CFCA7123821DA80020E23C /* ContentView.swift */ = {isa = PBXFileReference; lastKnownFileType = sourcecode.swift; path = ContentView.swift; sourceTree = "<group>"; };
		66CFCA7323821DAC0020E23C /* Assets.xcassets */ = {isa = PBXFileReference; lastKnownFileType = folder.assetcatalog; path = Assets.xcassets; sourceTree = "<group>"; };
		66CFCA7623821DAC0020E23C /* Preview Assets.xcassets */ = {isa = PBXFileReference; lastKnownFileType = folder.assetcatalog; path = "Preview Assets.xcassets"; sourceTree = "<group>"; };
		66CFCA7923821DAC0020E23C /* Base */ = {isa = PBXFileReference; lastKnownFileType = file.storyboard; name = Base; path = Base.lproj/LaunchScreen.storyboard; sourceTree = "<group>"; };
		66CFCA7B23821DAC0020E23C /* Info.plist */ = {isa = PBXFileReference; lastKnownFileType = text.plist.xml; path = Info.plist; sourceTree = "<group>"; };
		66CFCA8F23821EF00020E23C /* AccountInteractorDependencies.swift */ = {isa = PBXFileReference; lastKnownFileType = sourcecode.swift; path = AccountInteractorDependencies.swift; sourceTree = "<group>"; };
		66CFCA9023821EF00020E23C /* AccountAction.swift */ = {isa = PBXFileReference; lastKnownFileType = sourcecode.swift; path = AccountAction.swift; sourceTree = "<group>"; };
		66CFCA9123821EF00020E23C /* AccountPresenter.swift */ = {isa = PBXFileReference; lastKnownFileType = sourcecode.swift; path = AccountPresenter.swift; sourceTree = "<group>"; };
		66CFCA9223821EF00020E23C /* AccountPresenterDependencies.swift */ = {isa = PBXFileReference; lastKnownFileType = sourcecode.swift; path = AccountPresenterDependencies.swift; sourceTree = "<group>"; };
		66CFCA9323821EF00020E23C /* AccountInteractor.swift */ = {isa = PBXFileReference; lastKnownFileType = sourcecode.swift; path = AccountInteractor.swift; sourceTree = "<group>"; };
		66CFCA9423821EF00020E23C /* AccountEvent.swift */ = {isa = PBXFileReference; lastKnownFileType = sourcecode.swift; path = AccountEvent.swift; sourceTree = "<group>"; };
		66CFCA9523821EF00020E23C /* AccountView.swift */ = {isa = PBXFileReference; lastKnownFileType = sourcecode.swift; path = AccountView.swift; sourceTree = "<group>"; };
		66CFCA9623821EF00020E23C /* AccountProtocol.swift */ = {isa = PBXFileReference; lastKnownFileType = sourcecode.swift; path = AccountProtocol.swift; sourceTree = "<group>"; };
		66CFCA9723821EF00020E23C /* AccountViewModel.swift */ = {isa = PBXFileReference; lastKnownFileType = sourcecode.swift; path = AccountViewModel.swift; sourceTree = "<group>"; };
		66CFCA9823821EF00020E23C /* AccountDelegateEvent.swift */ = {isa = PBXFileReference; lastKnownFileType = sourcecode.swift; path = AccountDelegateEvent.swift; sourceTree = "<group>"; };
		66CFCA9923821EF00020E23C /* AccountDelegate.swift */ = {isa = PBXFileReference; lastKnownFileType = sourcecode.swift; path = AccountDelegate.swift; sourceTree = "<group>"; };
		66CFCA9A23821EF00020E23C /* AccountWireframe.swift */ = {isa = PBXFileReference; lastKnownFileType = sourcecode.swift; path = AccountWireframe.swift; sourceTree = "<group>"; };
/* End PBXFileReference section */

/* Begin PBXFrameworksBuildPhase section */
		66CFCA6723821DA80020E23C /* Frameworks */ = {
			isa = PBXFrameworksBuildPhase;
			buildActionMask = 2147483647;
			files = (
			);
			runOnlyForDeploymentPostprocessing = 0;
		};
/* End PBXFrameworksBuildPhase section */

/* Begin PBXGroup section */
		662275E32389FCA900D0E345 /* Resources */ = {
			isa = PBXGroup;
			children = (
				662275E42389FCA900D0E345 /* turtlerock.jpg */,
				662275E52389FCA900D0E345 /* silversalmoncreek.jpg */,
				662275E62389FCA900D0E345 /* icybay.jpg */,
				662275E72389FCA900D0E345 /* lakemcdonald.jpg */,
				662275E82389FCA900D0E345 /* hiddenlake.jpg */,
				662275E92389FCA900D0E345 /* twinlake.jpg */,
				662275EA2389FCA900D0E345 /* umbagog.jpg */,
				662275EB2389FCA900D0E345 /* landmarkData.json */,
				662275EC2389FCA900D0E345 /* chincoteague.jpg */,
				662275ED2389FCA900D0E345 /* yukon_charleyrivers.jpg */,
				662275EE2389FCA900D0E345 /* stmarylake.jpg */,
				662275EF2389FCA900D0E345 /* chilkoottrail.jpg */,
				662275F02389FCA900D0E345 /* rainbowlake.jpg */,
			);
			path = Resources;
			sourceTree = "<group>";
		};
		66A000E82386064200544CAB /* Deep */ = {
			isa = PBXGroup;
			children = (
				66AE88AA2382EE66005DAED2 /* DeepAction.swift */,
				66AE88AB2382EE66005DAED2 /* DeepPresenter.swift */,
				66AE88AC2382EE66005DAED2 /* DeepPresenterDependencies.swift */,
				66AE88AD2382EE66005DAED2 /* DeepInteractor.swift */,
				66AE88AE2382EE66005DAED2 /* DeepEvent.swift */,
				66AE88AF2382EE66005DAED2 /* DeepView.swift */,
				66AE88B02382EE66005DAED2 /* DeepProtocol.swift */,
				66AE88B12382EE66005DAED2 /* DeepViewModel.swift */,
				66AE88B22382EE66005DAED2 /* DeepDelegateEvent.swift */,
				66AE88B32382EE66005DAED2 /* DeepDelegate.swift */,
				66AE88B42382EE66005DAED2 /* DeepWireframe.swift */,
			);
			path = Deep;
			sourceTree = "<group>";
		};
		66CFCA6123821DA80020E23C = {
			isa = PBXGroup;
			children = (
				66CFCA6C23821DA80020E23C /* aaa */,
				66CFCA6B23821DA80020E23C /* Products */,
			);
			sourceTree = "<group>";
		};
		66CFCA6B23821DA80020E23C /* Products */ = {
			isa = PBXGroup;
			children = (
				66CFCA6A23821DA80020E23C /* aaa.app */,
			);
			name = Products;
			sourceTree = "<group>";
		};
		66CFCA6C23821DA80020E23C /* aaa */ = {
			isa = PBXGroup;
			children = (
				66CFCA6D23821DA80020E23C /* AppDelegate.swift */,
				66CFCA6F23821DA80020E23C /* SceneDelegate.swift */,
				662275E12389FB9C00D0E345 /* Data.swift */,
				66CFCA7123821DA80020E23C /* ContentView.swift */,
				662275DB2389E20D00D0E345 /* mapView.swift */,
				66CFCA7323821DAC0020E23C /* Assets.xcassets */,
				66CFCA7823821DAC0020E23C /* LaunchScreen.storyboard */,
				66CFCA7B23821DAC0020E23C /* Info.plist */,
				662275E32389FCA900D0E345 /* Resources */,
				66CFCA7523821DAC0020E23C /* Preview Content */,
				66CFCAA723821F020020E23C /* Account */,
				66A000E82386064200544CAB /* Deep */,
				662275DD2389E94300D0E345 /* LandmarkRow.swift */,
				662275DF2389EDED00D0E345 /* SwiftUIView.swift */,
			);
			path = aaa;
			sourceTree = "<group>";
		};
		66CFCA7523821DAC0020E23C /* Preview Content */ = {
			isa = PBXGroup;
			children = (
				66CFCA7623821DAC0020E23C /* Preview Assets.xcassets */,
			);
			path = "Preview Content";
			sourceTree = "<group>";
		};
		66CFCAA723821F020020E23C /* Account */ = {
			isa = PBXGroup;
			children = (
				66CFCA8F23821EF00020E23C /* AccountInteractorDependencies.swift */,
				66CFCA9023821EF00020E23C /* AccountAction.swift */,
				66CFCA9123821EF00020E23C /* AccountPresenter.swift */,
				66CFCA9223821EF00020E23C /* AccountPresenterDependencies.swift */,
				66CFCA9323821EF00020E23C /* AccountInteractor.swift */,
				66CFCA9423821EF00020E23C /* AccountEvent.swift */,
				66CFCA9523821EF00020E23C /* AccountView.swift */,
				66CFCA9623821EF00020E23C /* AccountProtocol.swift */,
				66CFCA9723821EF00020E23C /* AccountViewModel.swift */,
				66CFCA9823821EF00020E23C /* AccountDelegateEvent.swift */,
				66CFCA9923821EF00020E23C /* AccountDelegate.swift */,
				66CFCA9A23821EF00020E23C /* AccountWireframe.swift */,
				66AE88A92382EE66005DAED2 /* DeepInteractorDependencies.swift */,
			);
			path = Account;
			sourceTree = "<group>";
		};
/* End PBXGroup section */

/* Begin PBXNativeTarget section */
		66CFCA6923821DA80020E23C /* aaa */ = {
			isa = PBXNativeTarget;
			buildConfigurationList = 66CFCA7E23821DAC0020E23C /* Build configuration list for PBXNativeTarget "aaa" */;
			buildPhases = (
				66CFCA6623821DA80020E23C /* Sources */,
				66CFCA6723821DA80020E23C /* Frameworks */,
				66CFCA6823821DA80020E23C /* Resources */,
			);
			buildRules = (
			);
			dependencies = (
			);
			name = aaa;
			productName = aaa;
			productReference = 66CFCA6A23821DA80020E23C /* aaa.app */;
			productType = "com.apple.product-type.application";
		};
/* End PBXNativeTarget section */

/* Begin PBXProject section */
		66CFCA6223821DA80020E23C /* Project object */ = {
			isa = PBXProject;
			attributes = {
				LastSwiftUpdateCheck = 1110;
				LastUpgradeCheck = 1110;
				ORGANIZATIONNAME = AdamTests;
				TargetAttributes = {
					66CFCA6923821DA80020E23C = {
						CreatedOnToolsVersion = 11.1;
					};
				};
			};
			buildConfigurationList = 66CFCA6523821DA80020E23C /* Build configuration list for PBXProject "aaa" */;
			compatibilityVersion = "Xcode 9.3";
			developmentRegion = en;
			hasScannedForEncodings = 0;
			knownRegions = (
				en,
				Base,
			);
			mainGroup = 66CFCA6123821DA80020E23C;
			productRefGroup = 66CFCA6B23821DA80020E23C /* Products */;
			projectDirPath = "";
			projectRoot = "";
			targets = (
				66CFCA6923821DA80020E23C /* aaa */,
			);
		};
/* End PBXProject section */

/* Begin PBXResourcesBuildPhase section */
		66CFCA6823821DA80020E23C /* Resources */ = {
			isa = PBXResourcesBuildPhase;
			buildActionMask = 2147483647;
			files = (
				662275F42389FCA900D0E345 /* lakemcdonald.jpg in Resources */,
				662275F22389FCA900D0E345 /* silversalmoncreek.jpg in Resources */,
				662275F82389FCA900D0E345 /* landmarkData.json in Resources */,
				662275F12389FCA900D0E345 /* turtlerock.jpg in Resources */,
				66CFCA7A23821DAC0020E23C /* LaunchScreen.storyboard in Resources */,
				662275F72389FCA900D0E345 /* umbagog.jpg in Resources */,
				662275FB2389FCAA00D0E345 /* stmarylake.jpg in Resources */,
				662275F92389FCAA00D0E345 /* chincoteague.jpg in Resources */,
				66CFCA7723821DAC0020E23C /* Preview Assets.xcassets in Resources */,
				662275F32389FCA900D0E345 /* icybay.jpg in Resources */,
				662275F62389FCA900D0E345 /* twinlake.jpg in Resources */,
				662275F52389FCA900D0E345 /* hiddenlake.jpg in Resources */,
				66CFCA7423821DAC0020E23C /* Assets.xcassets in Resources */,
				662275FD2389FCAA00D0E345 /* rainbowlake.jpg in Resources */,
				662275FC2389FCAA00D0E345 /* chilkoottrail.jpg in Resources */,
				662275FA2389FCAA00D0E345 /* yukon_charleyrivers.jpg in Resources */,
			);
			runOnlyForDeploymentPostprocessing = 0;
		};
/* End PBXResourcesBuildPhase section */

/* Begin PBXSourcesBuildPhase section */
		66CFCA6623821DA80020E23C /* Sources */ = {
			isa = PBXSourcesBuildPhase;
			buildActionMask = 2147483647;
			files = (
				66AE88BD2382EE66005DAED2 /* DeepViewModel.swift in Sources */,
				66CFCA9C23821EF00020E23C /* AccountAction.swift in Sources */,
				66CFCAA423821EF00020E23C /* AccountDelegateEvent.swift in Sources */,
				66CFCAA123821EF00020E23C /* AccountView.swift in Sources */,
				66CFCA9E23821EF00020E23C /* AccountPresenterDependencies.swift in Sources */,
				66CFCA9D23821EF00020E23C /* AccountPresenter.swift in Sources */,
				66CFCAA523821EF00020E23C /* AccountDelegate.swift in Sources */,
				66AE88C02382EE66005DAED2 /* DeepWireframe.swift in Sources */,
				66AE88BC2382EE66005DAED2 /* DeepProtocol.swift in Sources */,
				66AE88BA2382EE66005DAED2 /* DeepEvent.swift in Sources */,
				662275DE2389E94300D0E345 /* LandmarkRow.swift in Sources */,
				66AE88B52382EE66005DAED2 /* DeepInteractorDependencies.swift in Sources */,
				66AE88BE2382EE66005DAED2 /* DeepDelegateEvent.swift in Sources */,
				662275E22389FB9C00D0E345 /* Data.swift in Sources */,
				66AE88B82382EE66005DAED2 /* DeepPresenterDependencies.swift in Sources */,
				662275E02389EDED00D0E345 /* SwiftUIView.swift in Sources */,
				66AE88BF2382EE66005DAED2 /* DeepDelegate.swift in Sources */,
				66CFCAA223821EF00020E23C /* AccountProtocol.swift in Sources */,
				66AE88B72382EE66005DAED2 /* DeepPresenter.swift in Sources */,
				66CFCA6E23821DA80020E23C /* AppDelegate.swift in Sources */,
				66CFCA7023821DA80020E23C /* SceneDelegate.swift in Sources */,
				66AE88B92382EE66005DAED2 /* DeepInteractor.swift in Sources */,
				66CFCAA323821EF00020E23C /* AccountViewModel.swift in Sources */,
				66CFCA9F23821EF00020E23C /* AccountInteractor.swift in Sources */,
				66CFCA9B23821EF00020E23C /* AccountInteractorDependencies.swift in Sources */,
				662275DC2389E20E00D0E345 /* mapView.swift in Sources */,
				66AE88B62382EE66005DAED2 /* DeepAction.swift in Sources */,
				66AE88BB2382EE66005DAED2 /* DeepView.swift in Sources */,
				66CFCAA623821EF00020E23C /* AccountWireframe.swift in Sources */,
				66CFCAA023821EF00020E23C /* AccountEvent.swift in Sources */,
				66CFCA7223821DA80020E23C /* ContentView.swift in Sources */,
			);
			runOnlyForDeploymentPostprocessing = 0;
		};
/* End PBXSourcesBuildPhase section */

/* Begin PBXVariantGroup section */
		66CFCA7823821DAC0020E23C /* LaunchScreen.storyboard */ = {
			isa = PBXVariantGroup;
			children = (
				66CFCA7923821DAC0020E23C /* Base */,
			);
			name = LaunchScreen.storyboard;
			sourceTree = "<group>";
		};
/* End PBXVariantGroup section */

/* Begin XCBuildConfiguration section */
		66CFCA7C23821DAC0020E23C /* Debug */ = {
			isa = XCBuildConfiguration;
			buildSettings = {
				ALWAYS_SEARCH_USER_PATHS = NO;
				CLANG_ANALYZER_NONNULL = YES;
				CLANG_ANALYZER_NUMBER_OBJECT_CONVERSION = YES_AGGRESSIVE;
				CLANG_CXX_LANGUAGE_STANDARD = "gnu++14";
				CLANG_CXX_LIBRARY = "libc++";
				CLANG_ENABLE_MODULES = YES;
				CLANG_ENABLE_OBJC_ARC = YES;
				CLANG_ENABLE_OBJC_WEAK = YES;
				CLANG_WARN_BLOCK_CAPTURE_AUTORELEASING = YES;
				CLANG_WARN_BOOL_CONVERSION = YES;
				CLANG_WARN_COMMA = YES;
				CLANG_WARN_CONSTANT_CONVERSION = YES;
				CLANG_WARN_DEPRECATED_OBJC_IMPLEMENTATIONS = YES;
				CLANG_WARN_DIRECT_OBJC_ISA_USAGE = YES_ERROR;
				CLANG_WARN_DOCUMENTATION_COMMENTS = YES;
				CLANG_WARN_EMPTY_BODY = YES;
				CLANG_WARN_ENUM_CONVERSION = YES;
				CLANG_WARN_INFINITE_RECURSION = YES;
				CLANG_WARN_INT_CONVERSION = YES;
				CLANG_WARN_NON_LITERAL_NULL_CONVERSION = YES;
				CLANG_WARN_OBJC_IMPLICIT_RETAIN_SELF = YES;
				CLANG_WARN_OBJC_LITERAL_CONVERSION = YES;
				CLANG_WARN_OBJC_ROOT_CLASS = YES_ERROR;
				CLANG_WARN_RANGE_LOOP_ANALYSIS = YES;
				CLANG_WARN_STRICT_PROTOTYPES = YES;
				CLANG_WARN_SUSPICIOUS_MOVE = YES;
				CLANG_WARN_UNGUARDED_AVAILABILITY = YES_AGGRESSIVE;
				CLANG_WARN_UNREACHABLE_CODE = YES;
				CLANG_WARN__DUPLICATE_METHOD_MATCH = YES;
				COPY_PHASE_STRIP = NO;
				DEBUG_INFORMATION_FORMAT = dwarf;
				ENABLE_STRICT_OBJC_MSGSEND = YES;
				ENABLE_TESTABILITY = YES;
				GCC_C_LANGUAGE_STANDARD = gnu11;
				GCC_DYNAMIC_NO_PIC = NO;
				GCC_NO_COMMON_BLOCKS = YES;
				GCC_OPTIMIZATION_LEVEL = 0;
				GCC_PREPROCESSOR_DEFINITIONS = (
					"DEBUG=1",
					"$(inherited)",
				);
				GCC_WARN_64_TO_32_BIT_CONVERSION = YES;
				GCC_WARN_ABOUT_RETURN_TYPE = YES_ERROR;
				GCC_WARN_UNDECLARED_SELECTOR = YES;
				GCC_WARN_UNINITIALIZED_AUTOS = YES_AGGRESSIVE;
				GCC_WARN_UNUSED_FUNCTION = YES;
				GCC_WARN_UNUSED_VARIABLE = YES;
				IPHONEOS_DEPLOYMENT_TARGET = 13.1;
				MTL_ENABLE_DEBUG_INFO = INCLUDE_SOURCE;
				MTL_FAST_MATH = YES;
				ONLY_ACTIVE_ARCH = YES;
				SDKROOT = iphoneos;
				SWIFT_ACTIVE_COMPILATION_CONDITIONS = DEBUG;
				SWIFT_OPTIMIZATION_LEVEL = "-Onone";
			};
			name = Debug;
		};
		66CFCA7D23821DAC0020E23C /* Release */ = {
			isa = XCBuildConfiguration;
			buildSettings = {
				ALWAYS_SEARCH_USER_PATHS = NO;
				CLANG_ANALYZER_NONNULL = YES;
				CLANG_ANALYZER_NUMBER_OBJECT_CONVERSION = YES_AGGRESSIVE;
				CLANG_CXX_LANGUAGE_STANDARD = "gnu++14";
				CLANG_CXX_LIBRARY = "libc++";
				CLANG_ENABLE_MODULES = YES;
				CLANG_ENABLE_OBJC_ARC = YES;
				CLANG_ENABLE_OBJC_WEAK = YES;
				CLANG_WARN_BLOCK_CAPTURE_AUTORELEASING = YES;
				CLANG_WARN_BOOL_CONVERSION = YES;
				CLANG_WARN_COMMA = YES;
				CLANG_WARN_CONSTANT_CONVERSION = YES;
				CLANG_WARN_DEPRECATED_OBJC_IMPLEMENTATIONS = YES;
				CLANG_WARN_DIRECT_OBJC_ISA_USAGE = YES_ERROR;
				CLANG_WARN_DOCUMENTATION_COMMENTS = YES;
				CLANG_WARN_EMPTY_BODY = YES;
				CLANG_WARN_ENUM_CONVERSION = YES;
				CLANG_WARN_INFINITE_RECURSION = YES;
				CLANG_WARN_INT_CONVERSION = YES;
				CLANG_WARN_NON_LITERAL_NULL_CONVERSION = YES;
				CLANG_WARN_OBJC_IMPLICIT_RETAIN_SELF = YES;
				CLANG_WARN_OBJC_LITERAL_CONVERSION = YES;
				CLANG_WARN_OBJC_ROOT_CLASS = YES_ERROR;
				CLANG_WARN_RANGE_LOOP_ANALYSIS = YES;
				CLANG_WARN_STRICT_PROTOTYPES = YES;
				CLANG_WARN_SUSPICIOUS_MOVE = YES;
				CLANG_WARN_UNGUARDED_AVAILABILITY = YES_AGGRESSIVE;
				CLANG_WARN_UNREACHABLE_CODE = YES;
				CLANG_WARN__DUPLICATE_METHOD_MATCH = YES;
				COPY_PHASE_STRIP = NO;
				DEBUG_INFORMATION_FORMAT = "dwarf-with-dsym";
				ENABLE_NS_ASSERTIONS = NO;
				ENABLE_STRICT_OBJC_MSGSEND = YES;
				GCC_C_LANGUAGE_STANDARD = gnu11;
				GCC_NO_COMMON_BLOCKS = YES;
				GCC_WARN_64_TO_32_BIT_CONVERSION = YES;
				GCC_WARN_ABOUT_RETURN_TYPE = YES_ERROR;
				GCC_WARN_UNDECLARED_SELECTOR = YES;
				GCC_WARN_UNINITIALIZED_AUTOS = YES_AGGRESSIVE;
				GCC_WARN_UNUSED_FUNCTION = YES;
				GCC_WARN_UNUSED_VARIABLE = YES;
				IPHONEOS_DEPLOYMENT_TARGET = 13.1;
				MTL_ENABLE_DEBUG_INFO = NO;
				MTL_FAST_MATH = YES;
				SDKROOT = iphoneos;
				SWIFT_COMPILATION_MODE = wholemodule;
				SWIFT_OPTIMIZATION_LEVEL = "-O";
				VALIDATE_PRODUCT = YES;
			};
			name = Release;
		};
		66CFCA7F23821DAC0020E23C /* Debug */ = {
			isa = XCBuildConfiguration;
			buildSettings = {
				ASSETCATALOG_COMPILER_APPICON_NAME = AppIcon;
				CODE_SIGN_STYLE = Automatic;
				DEVELOPMENT_ASSET_PATHS = "\"aaa/Preview Content\"";
				DEVELOPMENT_TEAM = MM5396X53H;
				ENABLE_PREVIEWS = YES;
				INFOPLIST_FILE = aaa/Info.plist;
				LD_RUNPATH_SEARCH_PATHS = (
					"$(inherited)",
					"@executable_path/Frameworks",
				);
				PRODUCT_BUNDLE_IDENTIFIER = com.Adam.aaa;
				PRODUCT_NAME = "$(TARGET_NAME)";
				SWIFT_VERSION = 5.0;
				TARGETED_DEVICE_FAMILY = "1,2";
			};
			name = Debug;
		};
		66CFCA8023821DAC0020E23C /* Release */ = {
			isa = XCBuildConfiguration;
			buildSettings = {
				ASSETCATALOG_COMPILER_APPICON_NAME = AppIcon;
				CODE_SIGN_STYLE = Automatic;
				DEVELOPMENT_ASSET_PATHS = "\"aaa/Preview Content\"";
				DEVELOPMENT_TEAM = MM5396X53H;
				ENABLE_PREVIEWS = YES;
				INFOPLIST_FILE = aaa/Info.plist;
				LD_RUNPATH_SEARCH_PATHS = (
					"$(inherited)",
					"@executable_path/Frameworks",
				);
				PRODUCT_BUNDLE_IDENTIFIER = com.Adam.aaa;
				PRODUCT_NAME = "$(TARGET_NAME)";
				SWIFT_VERSION = 5.0;
				TARGETED_DEVICE_FAMILY = "1,2";
			};
			name = Release;
		};
/* End XCBuildConfiguration section */

/* Begin XCConfigurationList section */
		66CFCA6523821DA80020E23C /* Build configuration list for PBXProject "aaa" */ = {
			isa = XCConfigurationList;
			buildConfigurations = (
				66CFCA7C23821DAC0020E23C /* Debug */,
				66CFCA7D23821DAC0020E23C /* Release */,
			);
			defaultConfigurationIsVisible = 0;
			defaultConfigurationName = Release;
		};
		66CFCA7E23821DAC0020E23C /* Build configuration list for PBXNativeTarget "aaa" */ = {
			isa = XCConfigurationList;
			buildConfigurations = (
				66CFCA7F23821DAC0020E23C /* Debug */,
				66CFCA8023821DAC0020E23C /* Release */,
			);
			defaultConfigurationIsVisible = 0;
			defaultConfigurationName = Release;
		};
/* End XCConfigurationList section */
	};
	rootObject = 66CFCA6223821DA80020E23C /* Project object */;
}
